// !$*UTF8*$!
{
	archiveVersion = 1;
	classes = {
	};
	objectVersion = 56;
	objects = {

/* Begin PBXBuildFile section */
		571154B42B034C1F00FD26A2 /* ViewModel + Protocol.swift in Sources */ = {isa = PBXBuildFile; fileRef = 571154B32B034C1F00FD26A2 /* ViewModel + Protocol.swift */; };
		571154B62B03623300FD26A2 /* LandingViewController.swift in Sources */ = {isa = PBXBuildFile; fileRef = 571154B52B03623300FD26A2 /* LandingViewController.swift */; };
		5740B0932B11D10E008A7808 /* CommentsViewController.swift in Sources */ = {isa = PBXBuildFile; fileRef = 5740B0922B11D10E008A7808 /* CommentsViewController.swift */; };
		5740B0952B11D156008A7808 /* SearchViewModel.swift in Sources */ = {isa = PBXBuildFile; fileRef = 5740B0942B11D156008A7808 /* SearchViewModel.swift */; };
		5740B0972B11D9C9008A7808 /* SearchCollectionViewCell.swift in Sources */ = {isa = PBXBuildFile; fileRef = 5740B0962B11D9C9008A7808 /* SearchCollectionViewCell.swift */; };
		5740B0992B122C67008A7808 /* AddPostViewController.swift in Sources */ = {isa = PBXBuildFile; fileRef = 5740B0982B122C67008A7808 /* AddPostViewController.swift */; };
		5740B09B2B122C99008A7808 /* AddPostViewModel.swift in Sources */ = {isa = PBXBuildFile; fileRef = 5740B09A2B122C99008A7808 /* AddPostViewModel.swift */; };
		574B8BEE2B0A537B00018EBD /* ContentsDTO.swift in Sources */ = {isa = PBXBuildFile; fileRef = 574B8BED2B0A537B00018EBD /* ContentsDTO.swift */; };
		574B8C2A2B0B532D00018EBD /* ContentsManager.swift in Sources */ = {isa = PBXBuildFile; fileRef = 574B8C292B0B532D00018EBD /* ContentsManager.swift */; };
		574B8C2E2B0B776C00018EBD /* Secret.swift in Sources */ = {isa = PBXBuildFile; fileRef = 574B8C2D2B0B776C00018EBD /* Secret.swift */; };
		574B8C3E2B0C972400018EBD /* ContentsServerAPI.swift in Sources */ = {isa = PBXBuildFile; fileRef = 574B8C3D2B0C972400018EBD /* ContentsServerAPI.swift */; };
		57877FD32B0F10DD00046F9B /* HomeViewController.swift in Sources */ = {isa = PBXBuildFile; fileRef = 57877FD22B0F10DD00046F9B /* HomeViewController.swift */; };
		57877FD52B0F117C00046F9B /* HomeViewModel.swift in Sources */ = {isa = PBXBuildFile; fileRef = 57877FD42B0F117C00046F9B /* HomeViewModel.swift */; };
		57877FD82B0F142E00046F9B /* HomeViewCell.swift in Sources */ = {isa = PBXBuildFile; fileRef = 57877FD72B0F142E00046F9B /* HomeViewCell.swift */; };
		57877FDD2B0F4D1800046F9B /* Kingfisher in Frameworks */ = {isa = PBXBuildFile; productRef = 57877FDC2B0F4D1800046F9B /* Kingfisher */; };
		57877FDF2B0F80B600046F9B /* MovieViewController.swift in Sources */ = {isa = PBXBuildFile; fileRef = 57877FDE2B0F80B600046F9B /* MovieViewController.swift */; };
		57877FE12B0F80E400046F9B /* MovieViewModel.swift in Sources */ = {isa = PBXBuildFile; fileRef = 57877FE02B0F80E400046F9B /* MovieViewModel.swift */; };
		57877FE92B0F99C100046F9B /* MovieDTO.swift in Sources */ = {isa = PBXBuildFile; fileRef = 57877FE82B0F99C100046F9B /* MovieDTO.swift */; };
		57877FEB2B0F9C2D00046F9B /* MovieAPI.swift in Sources */ = {isa = PBXBuildFile; fileRef = 57877FEA2B0F9C2D00046F9B /* MovieAPI.swift */; };
		57877FED2B0FA84200046F9B /* SearchViewController.swift in Sources */ = {isa = PBXBuildFile; fileRef = 57877FEC2B0FA84200046F9B /* SearchViewController.swift */; };
		57877FF42B10785300046F9B /* Design.swift in Sources */ = {isa = PBXBuildFile; fileRef = 57877FF32B10785300046F9B /* Design.swift */; };
		57BCF3B82B023A0D001040A5 /* AppDelegate.swift in Sources */ = {isa = PBXBuildFile; fileRef = 57BCF3B72B023A0D001040A5 /* AppDelegate.swift */; };
		57BCF3BA2B023A0D001040A5 /* SceneDelegate.swift in Sources */ = {isa = PBXBuildFile; fileRef = 57BCF3B92B023A0D001040A5 /* SceneDelegate.swift */; };
		57BCF3C12B023A0E001040A5 /* Assets.xcassets in Resources */ = {isa = PBXBuildFile; fileRef = 57BCF3C02B023A0E001040A5 /* Assets.xcassets */; };
		57BCF3C42B023A0E001040A5 /* LaunchScreen.storyboard in Resources */ = {isa = PBXBuildFile; fileRef = 57BCF3C22B023A0E001040A5 /* LaunchScreen.storyboard */; };
		57BCF3CF2B023A0E001040A5 /* MovieTalkTests.swift in Sources */ = {isa = PBXBuildFile; fileRef = 57BCF3CE2B023A0E001040A5 /* MovieTalkTests.swift */; };
		57BCF3D92B023A0E001040A5 /* MovieTalkUITests.swift in Sources */ = {isa = PBXBuildFile; fileRef = 57BCF3D82B023A0E001040A5 /* MovieTalkUITests.swift */; };
		57BCF3DB2B023A0E001040A5 /* MovieTalkUITestsLaunchTests.swift in Sources */ = {isa = PBXBuildFile; fileRef = 57BCF3DA2B023A0E001040A5 /* MovieTalkUITestsLaunchTests.swift */; };
		57BCF3E92B025FC0001040A5 /* Moya in Frameworks */ = {isa = PBXBuildFile; productRef = 57BCF3E82B025FC0001040A5 /* Moya */; };
		57BCF3EB2B025FC0001040A5 /* RxMoya in Frameworks */ = {isa = PBXBuildFile; productRef = 57BCF3EA2B025FC0001040A5 /* RxMoya */; };
		57BCF3F02B02600C001040A5 /* LoginViewController.swift in Sources */ = {isa = PBXBuildFile; fileRef = 57BCF3EF2B02600C001040A5 /* LoginViewController.swift */; };
		57BCF3F22B026057001040A5 /* SignUpViewController.swift in Sources */ = {isa = PBXBuildFile; fileRef = 57BCF3F12B026057001040A5 /* SignUpViewController.swift */; };
		57BCF3F42B0260C8001040A5 /* SignUpViewModel.swift in Sources */ = {isa = PBXBuildFile; fileRef = 57BCF3F32B0260C8001040A5 /* SignUpViewModel.swift */; };
		57BCF3F62B0260CE001040A5 /* LoginViewModel.swift in Sources */ = {isa = PBXBuildFile; fileRef = 57BCF3F52B0260CE001040A5 /* LoginViewModel.swift */; };
		57BCF3F92B02610C001040A5 /* SnapKit in Frameworks */ = {isa = PBXBuildFile; productRef = 57BCF3F82B02610C001040A5 /* SnapKit */; };
		57BCF3FB2B026126001040A5 /* SettingsViewController.swift in Sources */ = {isa = PBXBuildFile; fileRef = 57BCF3FA2B026126001040A5 /* SettingsViewController.swift */; };
		57BCF3FD2B02612E001040A5 /* SettingsViewModel.swift in Sources */ = {isa = PBXBuildFile; fileRef = 57BCF3FC2B02612E001040A5 /* SettingsViewModel.swift */; };
		57BCF3FF2B026BAE001040A5 /* AuthManager.swift in Sources */ = {isa = PBXBuildFile; fileRef = 57BCF3FE2B026BAE001040A5 /* AuthManager.swift */; };
		57BCF4022B026C50001040A5 /* SignUpDTO.swift in Sources */ = {isa = PBXBuildFile; fileRef = 57BCF4012B026C50001040A5 /* SignUpDTO.swift */; };
		57BCF4042B026DBE001040A5 /* LoginDTO.swift in Sources */ = {isa = PBXBuildFile; fileRef = 57BCF4032B026DBE001040A5 /* LoginDTO.swift */; };
		57BCF4062B026DE5001040A5 /* ValidateEmailDTO.swift in Sources */ = {isa = PBXBuildFile; fileRef = 57BCF4052B026DE5001040A5 /* ValidateEmailDTO.swift */; };
		57BCF4082B026EB1001040A5 /* RefreshTokenDTO.swift in Sources */ = {isa = PBXBuildFile; fileRef = 57BCF4072B026EB1001040A5 /* RefreshTokenDTO.swift */; };
		57BCF40A2B026F5A001040A5 /* WithdrawDTO.swift in Sources */ = {isa = PBXBuildFile; fileRef = 57BCF4092B026F5A001040A5 /* WithdrawDTO.swift */; };
		57BCF4142B027280001040A5 /* AuthServerAPI.swift in Sources */ = {isa = PBXBuildFile; fileRef = 57BCF4132B027280001040A5 /* AuthServerAPI.swift */; };
		57BCF4162B027F85001040A5 /* ErrorResponseDTO.swift in Sources */ = {isa = PBXBuildFile; fileRef = 57BCF4152B027F85001040A5 /* ErrorResponseDTO.swift */; };
		57BCF41A2B030607001040A5 /* UserDefaultsManager.swift in Sources */ = {isa = PBXBuildFile; fileRef = 57BCF4192B030607001040A5 /* UserDefaultsManager.swift */; };
		57BCF41F2B033218001040A5 /* RxCocoa in Frameworks */ = {isa = PBXBuildFile; productRef = 57BCF41E2B033218001040A5 /* RxCocoa */; };
		57BCF4212B033218001040A5 /* RxSwift in Frameworks */ = {isa = PBXBuildFile; productRef = 57BCF4202B033218001040A5 /* RxSwift */; };
/* End PBXBuildFile section */

/* Begin PBXContainerItemProxy section */
		57BCF3CB2B023A0E001040A5 /* PBXContainerItemProxy */ = {
			isa = PBXContainerItemProxy;
			containerPortal = 57BCF3AC2B023A0D001040A5 /* Project object */;
			proxyType = 1;
			remoteGlobalIDString = 57BCF3B32B023A0D001040A5;
			remoteInfo = MovieTalk;
		};
		57BCF3D52B023A0E001040A5 /* PBXContainerItemProxy */ = {
			isa = PBXContainerItemProxy;
			containerPortal = 57BCF3AC2B023A0D001040A5 /* Project object */;
			proxyType = 1;
			remoteGlobalIDString = 57BCF3B32B023A0D001040A5;
			remoteInfo = MovieTalk;
		};
/* End PBXContainerItemProxy section */

/* Begin PBXFileReference section */
		571154B32B034C1F00FD26A2 /* ViewModel + Protocol.swift */ = {isa = PBXFileReference; lastKnownFileType = sourcecode.swift; path = "ViewModel + Protocol.swift"; sourceTree = "<group>"; };
		571154B52B03623300FD26A2 /* LandingViewController.swift */ = {isa = PBXFileReference; lastKnownFileType = sourcecode.swift; path = LandingViewController.swift; sourceTree = "<group>"; };
		5740B0922B11D10E008A7808 /* CommentsViewController.swift */ = {isa = PBXFileReference; lastKnownFileType = sourcecode.swift; path = CommentsViewController.swift; sourceTree = "<group>"; };
		5740B0942B11D156008A7808 /* SearchViewModel.swift */ = {isa = PBXFileReference; lastKnownFileType = sourcecode.swift; path = SearchViewModel.swift; sourceTree = "<group>"; };
		5740B0962B11D9C9008A7808 /* SearchCollectionViewCell.swift */ = {isa = PBXFileReference; lastKnownFileType = sourcecode.swift; path = SearchCollectionViewCell.swift; sourceTree = "<group>"; };
		5740B0982B122C67008A7808 /* AddPostViewController.swift */ = {isa = PBXFileReference; lastKnownFileType = sourcecode.swift; path = AddPostViewController.swift; sourceTree = "<group>"; };
		5740B09A2B122C99008A7808 /* AddPostViewModel.swift */ = {isa = PBXFileReference; lastKnownFileType = sourcecode.swift; name = AddPostViewModel.swift; path = MovieTalk/ViewModel/AddPostViewModel.swift; sourceTree = SOURCE_ROOT; };
		574B8BED2B0A537B00018EBD /* ContentsDTO.swift */ = {isa = PBXFileReference; lastKnownFileType = sourcecode.swift; path = ContentsDTO.swift; sourceTree = "<group>"; };
		574B8C292B0B532D00018EBD /* ContentsManager.swift */ = {isa = PBXFileReference; lastKnownFileType = sourcecode.swift; path = ContentsManager.swift; sourceTree = "<group>"; };
		574B8C2D2B0B776C00018EBD /* Secret.swift */ = {isa = PBXFileReference; lastKnownFileType = sourcecode.swift; path = Secret.swift; sourceTree = "<group>"; };
		574B8C3D2B0C972400018EBD /* ContentsServerAPI.swift */ = {isa = PBXFileReference; lastKnownFileType = sourcecode.swift; path = ContentsServerAPI.swift; sourceTree = "<group>"; };
		57877FD22B0F10DD00046F9B /* HomeViewController.swift */ = {isa = PBXFileReference; lastKnownFileType = sourcecode.swift; path = HomeViewController.swift; sourceTree = "<group>"; };
		57877FD42B0F117C00046F9B /* HomeViewModel.swift */ = {isa = PBXFileReference; lastKnownFileType = sourcecode.swift; path = HomeViewModel.swift; sourceTree = "<group>"; };
		57877FD72B0F142E00046F9B /* HomeViewCell.swift */ = {isa = PBXFileReference; lastKnownFileType = sourcecode.swift; path = HomeViewCell.swift; sourceTree = "<group>"; };
		57877FDE2B0F80B600046F9B /* MovieViewController.swift */ = {isa = PBXFileReference; lastKnownFileType = sourcecode.swift; path = MovieViewController.swift; sourceTree = "<group>"; };
		57877FE02B0F80E400046F9B /* MovieViewModel.swift */ = {isa = PBXFileReference; lastKnownFileType = sourcecode.swift; path = MovieViewModel.swift; sourceTree = "<group>"; };
		57877FE82B0F99C100046F9B /* MovieDTO.swift */ = {isa = PBXFileReference; lastKnownFileType = sourcecode.swift; path = MovieDTO.swift; sourceTree = "<group>"; };
		57877FEA2B0F9C2D00046F9B /* MovieAPI.swift */ = {isa = PBXFileReference; lastKnownFileType = sourcecode.swift; path = MovieAPI.swift; sourceTree = "<group>"; };
		57877FEC2B0FA84200046F9B /* SearchViewController.swift */ = {isa = PBXFileReference; lastKnownFileType = sourcecode.swift; path = SearchViewController.swift; sourceTree = "<group>"; };
		57877FF32B10785300046F9B /* Design.swift */ = {isa = PBXFileReference; lastKnownFileType = sourcecode.swift; path = Design.swift; sourceTree = "<group>"; };
		57BCF3B42B023A0D001040A5 /* MovieTalk.app */ = {isa = PBXFileReference; explicitFileType = wrapper.application; includeInIndex = 0; path = MovieTalk.app; sourceTree = BUILT_PRODUCTS_DIR; };
		57BCF3B72B023A0D001040A5 /* AppDelegate.swift */ = {isa = PBXFileReference; lastKnownFileType = sourcecode.swift; path = AppDelegate.swift; sourceTree = "<group>"; };
		57BCF3B92B023A0D001040A5 /* SceneDelegate.swift */ = {isa = PBXFileReference; lastKnownFileType = sourcecode.swift; path = SceneDelegate.swift; sourceTree = "<group>"; };
		57BCF3C02B023A0E001040A5 /* Assets.xcassets */ = {isa = PBXFileReference; lastKnownFileType = folder.assetcatalog; path = Assets.xcassets; sourceTree = "<group>"; };
		57BCF3C32B023A0E001040A5 /* Base */ = {isa = PBXFileReference; lastKnownFileType = file.storyboard; name = Base; path = Base.lproj/LaunchScreen.storyboard; sourceTree = "<group>"; };
		57BCF3C52B023A0E001040A5 /* Info.plist */ = {isa = PBXFileReference; lastKnownFileType = text.plist.xml; path = Info.plist; sourceTree = "<group>"; };
		57BCF3CA2B023A0E001040A5 /* MovieTalkTests.xctest */ = {isa = PBXFileReference; explicitFileType = wrapper.cfbundle; includeInIndex = 0; path = MovieTalkTests.xctest; sourceTree = BUILT_PRODUCTS_DIR; };
		57BCF3CE2B023A0E001040A5 /* MovieTalkTests.swift */ = {isa = PBXFileReference; lastKnownFileType = sourcecode.swift; path = MovieTalkTests.swift; sourceTree = "<group>"; };
		57BCF3D42B023A0E001040A5 /* MovieTalkUITests.xctest */ = {isa = PBXFileReference; explicitFileType = wrapper.cfbundle; includeInIndex = 0; path = MovieTalkUITests.xctest; sourceTree = BUILT_PRODUCTS_DIR; };
		57BCF3D82B023A0E001040A5 /* MovieTalkUITests.swift */ = {isa = PBXFileReference; lastKnownFileType = sourcecode.swift; path = MovieTalkUITests.swift; sourceTree = "<group>"; };
		57BCF3DA2B023A0E001040A5 /* MovieTalkUITestsLaunchTests.swift */ = {isa = PBXFileReference; lastKnownFileType = sourcecode.swift; path = MovieTalkUITestsLaunchTests.swift; sourceTree = "<group>"; };
		57BCF3EF2B02600C001040A5 /* LoginViewController.swift */ = {isa = PBXFileReference; lastKnownFileType = sourcecode.swift; path = LoginViewController.swift; sourceTree = "<group>"; };
		57BCF3F12B026057001040A5 /* SignUpViewController.swift */ = {isa = PBXFileReference; lastKnownFileType = sourcecode.swift; path = SignUpViewController.swift; sourceTree = "<group>"; };
		57BCF3F32B0260C8001040A5 /* SignUpViewModel.swift */ = {isa = PBXFileReference; lastKnownFileType = sourcecode.swift; path = SignUpViewModel.swift; sourceTree = "<group>"; };
		57BCF3F52B0260CE001040A5 /* LoginViewModel.swift */ = {isa = PBXFileReference; lastKnownFileType = sourcecode.swift; path = LoginViewModel.swift; sourceTree = "<group>"; };
		57BCF3FA2B026126001040A5 /* SettingsViewController.swift */ = {isa = PBXFileReference; lastKnownFileType = sourcecode.swift; path = SettingsViewController.swift; sourceTree = "<group>"; };
		57BCF3FC2B02612E001040A5 /* SettingsViewModel.swift */ = {isa = PBXFileReference; lastKnownFileType = sourcecode.swift; path = SettingsViewModel.swift; sourceTree = "<group>"; };
		57BCF3FE2B026BAE001040A5 /* AuthManager.swift */ = {isa = PBXFileReference; lastKnownFileType = sourcecode.swift; path = AuthManager.swift; sourceTree = "<group>"; };
		57BCF4012B026C50001040A5 /* SignUpDTO.swift */ = {isa = PBXFileReference; lastKnownFileType = sourcecode.swift; path = SignUpDTO.swift; sourceTree = "<group>"; };
		57BCF4032B026DBE001040A5 /* LoginDTO.swift */ = {isa = PBXFileReference; lastKnownFileType = sourcecode.swift; path = LoginDTO.swift; sourceTree = "<group>"; };
		57BCF4052B026DE5001040A5 /* ValidateEmailDTO.swift */ = {isa = PBXFileReference; lastKnownFileType = sourcecode.swift; path = ValidateEmailDTO.swift; sourceTree = "<group>"; };
		57BCF4072B026EB1001040A5 /* RefreshTokenDTO.swift */ = {isa = PBXFileReference; lastKnownFileType = sourcecode.swift; path = RefreshTokenDTO.swift; sourceTree = "<group>"; };
		57BCF4092B026F5A001040A5 /* WithdrawDTO.swift */ = {isa = PBXFileReference; lastKnownFileType = sourcecode.swift; path = WithdrawDTO.swift; sourceTree = "<group>"; };
		57BCF4132B027280001040A5 /* AuthServerAPI.swift */ = {isa = PBXFileReference; lastKnownFileType = sourcecode.swift; path = AuthServerAPI.swift; sourceTree = "<group>"; };
		57BCF4152B027F85001040A5 /* ErrorResponseDTO.swift */ = {isa = PBXFileReference; lastKnownFileType = sourcecode.swift; path = ErrorResponseDTO.swift; sourceTree = "<group>"; };
		57BCF4192B030607001040A5 /* UserDefaultsManager.swift */ = {isa = PBXFileReference; lastKnownFileType = sourcecode.swift; path = UserDefaultsManager.swift; sourceTree = "<group>"; };
/* End PBXFileReference section */

/* Begin PBXFrameworksBuildPhase section */
		57BCF3B12B023A0D001040A5 /* Frameworks */ = {
			isa = PBXFrameworksBuildPhase;
			buildActionMask = 2147483647;
			files = (
				57877FDD2B0F4D1800046F9B /* Kingfisher in Frameworks */,
				57BCF3F92B02610C001040A5 /* SnapKit in Frameworks */,
				57BCF3EB2B025FC0001040A5 /* RxMoya in Frameworks */,
				57BCF4212B033218001040A5 /* RxSwift in Frameworks */,
				57BCF41F2B033218001040A5 /* RxCocoa in Frameworks */,
				57BCF3E92B025FC0001040A5 /* Moya in Frameworks */,
			);
			runOnlyForDeploymentPostprocessing = 0;
		};
		57BCF3C72B023A0E001040A5 /* Frameworks */ = {
			isa = PBXFrameworksBuildPhase;
			buildActionMask = 2147483647;
			files = (
			);
			runOnlyForDeploymentPostprocessing = 0;
		};
		57BCF3D12B023A0E001040A5 /* Frameworks */ = {
			isa = PBXFrameworksBuildPhase;
			buildActionMask = 2147483647;
			files = (
			);
			runOnlyForDeploymentPostprocessing = 0;
		};
/* End PBXFrameworksBuildPhase section */

/* Begin PBXGroup section */
		57877FD62B0F13F700046F9B /* Cells&Supplementay */ = {
			isa = PBXGroup;
			children = (
				57877FD72B0F142E00046F9B /* HomeViewCell.swift */,
				5740B0962B11D9C9008A7808 /* SearchCollectionViewCell.swift */,
			);
			path = "Cells&Supplementay";
			sourceTree = "<group>";
		};
		57877FF22B10783E00046F9B /* Constants */ = {
			isa = PBXGroup;
			children = (
				57877FF32B10785300046F9B /* Design.swift */,
			);
			path = Constants;
			sourceTree = "<group>";
		};
		57BCF3AB2B023A0D001040A5 = {
			isa = PBXGroup;
			children = (
				57BCF3B62B023A0D001040A5 /* MovieTalk */,
				57BCF3CD2B023A0E001040A5 /* MovieTalkTests */,
				57BCF3D72B023A0E001040A5 /* MovieTalkUITests */,
				57BCF3B52B023A0D001040A5 /* Products */,
			);
			sourceTree = "<group>";
		};
		57BCF3B52B023A0D001040A5 /* Products */ = {
			isa = PBXGroup;
			children = (
				57BCF3B42B023A0D001040A5 /* MovieTalk.app */,
				57BCF3CA2B023A0E001040A5 /* MovieTalkTests.xctest */,
				57BCF3D42B023A0E001040A5 /* MovieTalkUITests.xctest */,
			);
			name = Products;
			sourceTree = "<group>";
		};
		57BCF3B62B023A0D001040A5 /* MovieTalk */ = {
			isa = PBXGroup;
			children = (
				57BCF3B72B023A0D001040A5 /* AppDelegate.swift */,
				57BCF3B92B023A0D001040A5 /* SceneDelegate.swift */,
				57BCF4172B02FE20001040A5 /* Data */,
				57BCF3ED2B025FE5001040A5 /* ViewModel */,
				57877FF22B10783E00046F9B /* Constants */,
				57BCF3EC2B025FDB001040A5 /* View */,
				57BCF3C02B023A0E001040A5 /* Assets.xcassets */,
				57BCF3C22B023A0E001040A5 /* LaunchScreen.storyboard */,
				57BCF3C52B023A0E001040A5 /* Info.plist */,
			);
			path = MovieTalk;
			sourceTree = "<group>";
		};
		57BCF3CD2B023A0E001040A5 /* MovieTalkTests */ = {
			isa = PBXGroup;
			children = (
				57BCF3CE2B023A0E001040A5 /* MovieTalkTests.swift */,
			);
			path = MovieTalkTests;
			sourceTree = "<group>";
		};
		57BCF3D72B023A0E001040A5 /* MovieTalkUITests */ = {
			isa = PBXGroup;
			children = (
				57BCF3D82B023A0E001040A5 /* MovieTalkUITests.swift */,
				57BCF3DA2B023A0E001040A5 /* MovieTalkUITestsLaunchTests.swift */,
			);
			path = MovieTalkUITests;
			sourceTree = "<group>";
		};
		57BCF3EC2B025FDB001040A5 /* View */ = {
			isa = PBXGroup;
			children = (
				57877FEC2B0FA84200046F9B /* SearchViewController.swift */,
				571154B52B03623300FD26A2 /* LandingViewController.swift */,
				5740B0982B122C67008A7808 /* AddPostViewController.swift */,
				5740B09A2B122C99008A7808 /* AddPostViewModel.swift */,
				57BCF3EF2B02600C001040A5 /* LoginViewController.swift */,
				57BCF3F12B026057001040A5 /* SignUpViewController.swift */,
				57877FDE2B0F80B600046F9B /* MovieViewController.swift */,
				57877FD22B0F10DD00046F9B /* HomeViewController.swift */,
				5740B0922B11D10E008A7808 /* CommentsViewController.swift */,
				57BCF3FA2B026126001040A5 /* SettingsViewController.swift */,
				57877FD62B0F13F700046F9B /* Cells&Supplementay */,
			);
			path = View;
			sourceTree = "<group>";
		};
		57BCF3ED2B025FE5001040A5 /* ViewModel */ = {
			isa = PBXGroup;
			children = (
				57BCF3F52B0260CE001040A5 /* LoginViewModel.swift */,
				5740B0942B11D156008A7808 /* SearchViewModel.swift */,
				57877FD42B0F117C00046F9B /* HomeViewModel.swift */,
				57877FE02B0F80E400046F9B /* MovieViewModel.swift */,
				57BCF3F32B0260C8001040A5 /* SignUpViewModel.swift */,
				57BCF3FC2B02612E001040A5 /* SettingsViewModel.swift */,
				571154B32B034C1F00FD26A2 /* ViewModel + Protocol.swift */,
			);
			path = ViewModel;
			sourceTree = "<group>";
		};
		57BCF3EE2B025FE9001040A5 /* Network */ = {
			isa = PBXGroup;
			children = (
				57BCF3FE2B026BAE001040A5 /* AuthManager.swift */,
				574B8C292B0B532D00018EBD /* ContentsManager.swift */,
				57BCF4132B027280001040A5 /* AuthServerAPI.swift */,
				574B8C3D2B0C972400018EBD /* ContentsServerAPI.swift */,
				57877FEA2B0F9C2D00046F9B /* MovieAPI.swift */,
				574B8C2D2B0B776C00018EBD /* Secret.swift */,
				57BCF4002B026BBE001040A5 /* DataMapping */,
			);
			path = Network;
			sourceTree = "<group>";
		};
		57BCF4002B026BBE001040A5 /* DataMapping */ = {
			isa = PBXGroup;
			children = (
				57BCF4012B026C50001040A5 /* SignUpDTO.swift */,
				57BCF4052B026DE5001040A5 /* ValidateEmailDTO.swift */,
				57BCF4032B026DBE001040A5 /* LoginDTO.swift */,
				57BCF4072B026EB1001040A5 /* RefreshTokenDTO.swift */,
				57BCF4092B026F5A001040A5 /* WithdrawDTO.swift */,
				57BCF4152B027F85001040A5 /* ErrorResponseDTO.swift */,
				574B8BED2B0A537B00018EBD /* ContentsDTO.swift */,
				57877FE82B0F99C100046F9B /* MovieDTO.swift */,
			);
			path = DataMapping;
			sourceTree = "<group>";
		};
		57BCF4172B02FE20001040A5 /* Data */ = {
			isa = PBXGroup;
			children = (
				57BCF4182B0305F3001040A5 /* UserDefaults */,
				57BCF3EE2B025FE9001040A5 /* Network */,
			);
			path = Data;
			sourceTree = "<group>";
		};
		57BCF4182B0305F3001040A5 /* UserDefaults */ = {
			isa = PBXGroup;
			children = (
				57BCF4192B030607001040A5 /* UserDefaultsManager.swift */,
			);
			path = UserDefaults;
			sourceTree = "<group>";
		};
/* End PBXGroup section */

/* Begin PBXNativeTarget section */
		57BCF3B32B023A0D001040A5 /* MovieTalk */ = {
			isa = PBXNativeTarget;
			buildConfigurationList = 57BCF3DE2B023A0E001040A5 /* Build configuration list for PBXNativeTarget "MovieTalk" */;
			buildPhases = (
				57BCF3B02B023A0D001040A5 /* Sources */,
				57BCF3B12B023A0D001040A5 /* Frameworks */,
				57BCF3B22B023A0D001040A5 /* Resources */,
			);
			buildRules = (
			);
			dependencies = (
			);
			name = MovieTalk;
			packageProductDependencies = (
				57BCF3E82B025FC0001040A5 /* Moya */,
				57BCF3EA2B025FC0001040A5 /* RxMoya */,
				57BCF3F82B02610C001040A5 /* SnapKit */,
				57BCF41E2B033218001040A5 /* RxCocoa */,
				57BCF4202B033218001040A5 /* RxSwift */,
				57877FDC2B0F4D1800046F9B /* Kingfisher */,
			);
			productName = MovieTalk;
			productReference = 57BCF3B42B023A0D001040A5 /* MovieTalk.app */;
			productType = "com.apple.product-type.application";
		};
		57BCF3C92B023A0E001040A5 /* MovieTalkTests */ = {
			isa = PBXNativeTarget;
			buildConfigurationList = 57BCF3E12B023A0E001040A5 /* Build configuration list for PBXNativeTarget "MovieTalkTests" */;
			buildPhases = (
				57BCF3C62B023A0E001040A5 /* Sources */,
				57BCF3C72B023A0E001040A5 /* Frameworks */,
				57BCF3C82B023A0E001040A5 /* Resources */,
			);
			buildRules = (
			);
			dependencies = (
				57BCF3CC2B023A0E001040A5 /* PBXTargetDependency */,
			);
			name = MovieTalkTests;
			productName = MovieTalkTests;
			productReference = 57BCF3CA2B023A0E001040A5 /* MovieTalkTests.xctest */;
			productType = "com.apple.product-type.bundle.unit-test";
		};
		57BCF3D32B023A0E001040A5 /* MovieTalkUITests */ = {
			isa = PBXNativeTarget;
			buildConfigurationList = 57BCF3E42B023A0E001040A5 /* Build configuration list for PBXNativeTarget "MovieTalkUITests" */;
			buildPhases = (
				57BCF3D02B023A0E001040A5 /* Sources */,
				57BCF3D12B023A0E001040A5 /* Frameworks */,
				57BCF3D22B023A0E001040A5 /* Resources */,
			);
			buildRules = (
			);
			dependencies = (
				57BCF3D62B023A0E001040A5 /* PBXTargetDependency */,
			);
			name = MovieTalkUITests;
			productName = MovieTalkUITests;
			productReference = 57BCF3D42B023A0E001040A5 /* MovieTalkUITests.xctest */;
			productType = "com.apple.product-type.bundle.ui-testing";
		};
/* End PBXNativeTarget section */

/* Begin PBXProject section */
		57BCF3AC2B023A0D001040A5 /* Project object */ = {
			isa = PBXProject;
			attributes = {
				BuildIndependentTargetsInParallel = 1;
				LastSwiftUpdateCheck = 1430;
				LastUpgradeCheck = 1500;
				TargetAttributes = {
					57BCF3B32B023A0D001040A5 = {
						CreatedOnToolsVersion = 14.3.1;
					};
					57BCF3C92B023A0E001040A5 = {
						CreatedOnToolsVersion = 14.3.1;
						TestTargetID = 57BCF3B32B023A0D001040A5;
					};
					57BCF3D32B023A0E001040A5 = {
						CreatedOnToolsVersion = 14.3.1;
						TestTargetID = 57BCF3B32B023A0D001040A5;
					};
				};
			};
			buildConfigurationList = 57BCF3AF2B023A0D001040A5 /* Build configuration list for PBXProject "MovieTalk" */;
			compatibilityVersion = "Xcode 14.0";
			developmentRegion = en;
			hasScannedForEncodings = 0;
			knownRegions = (
				en,
				Base,
			);
			mainGroup = 57BCF3AB2B023A0D001040A5;
			packageReferences = (
				57BCF3E72B025FC0001040A5 /* XCRemoteSwiftPackageReference "Moya" */,
				57BCF3F72B02610C001040A5 /* XCRemoteSwiftPackageReference "SnapKit" */,
				57BCF41D2B033218001040A5 /* XCRemoteSwiftPackageReference "RxSwift" */,
				57877FDB2B0F4D1800046F9B /* XCRemoteSwiftPackageReference "Kingfisher" */,
			);
			productRefGroup = 57BCF3B52B023A0D001040A5 /* Products */;
			projectDirPath = "";
			projectRoot = "";
			targets = (
				57BCF3B32B023A0D001040A5 /* MovieTalk */,
				57BCF3C92B023A0E001040A5 /* MovieTalkTests */,
				57BCF3D32B023A0E001040A5 /* MovieTalkUITests */,
			);
		};
/* End PBXProject section */

/* Begin PBXResourcesBuildPhase section */
		57BCF3B22B023A0D001040A5 /* Resources */ = {
			isa = PBXResourcesBuildPhase;
			buildActionMask = 2147483647;
			files = (
				57BCF3C42B023A0E001040A5 /* LaunchScreen.storyboard in Resources */,
				57BCF3C12B023A0E001040A5 /* Assets.xcassets in Resources */,
			);
			runOnlyForDeploymentPostprocessing = 0;
		};
		57BCF3C82B023A0E001040A5 /* Resources */ = {
			isa = PBXResourcesBuildPhase;
			buildActionMask = 2147483647;
			files = (
			);
			runOnlyForDeploymentPostprocessing = 0;
		};
		57BCF3D22B023A0E001040A5 /* Resources */ = {
			isa = PBXResourcesBuildPhase;
			buildActionMask = 2147483647;
			files = (
			);
			runOnlyForDeploymentPostprocessing = 0;
		};
/* End PBXResourcesBuildPhase section */

/* Begin PBXSourcesBuildPhase section */
		57BCF3B02B023A0D001040A5 /* Sources */ = {
			isa = PBXSourcesBuildPhase;
			buildActionMask = 2147483647;
			files = (
				57BCF3F02B02600C001040A5 /* LoginViewController.swift in Sources */,
				57877FF42B10785300046F9B /* Design.swift in Sources */,
				5740B0932B11D10E008A7808 /* CommentsViewController.swift in Sources */,
				571154B62B03623300FD26A2 /* LandingViewController.swift in Sources */,
				571154B42B034C1F00FD26A2 /* ViewModel + Protocol.swift in Sources */,
				57877FD52B0F117C00046F9B /* HomeViewModel.swift in Sources */,
				574B8C3E2B0C972400018EBD /* ContentsServerAPI.swift in Sources */,
				57BCF4022B026C50001040A5 /* SignUpDTO.swift in Sources */,
				57BCF3FF2B026BAE001040A5 /* AuthManager.swift in Sources */,
				57BCF4162B027F85001040A5 /* ErrorResponseDTO.swift in Sources */,
				57877FD82B0F142E00046F9B /* HomeViewCell.swift in Sources */,
				57877FEB2B0F9C2D00046F9B /* MovieAPI.swift in Sources */,
				57BCF41A2B030607001040A5 /* UserDefaultsManager.swift in Sources */,
				5740B09B2B122C99008A7808 /* AddPostViewModel.swift in Sources */,
				57BCF40A2B026F5A001040A5 /* WithdrawDTO.swift in Sources */,
				57BCF3FD2B02612E001040A5 /* SettingsViewModel.swift in Sources */,
				57BCF3F22B026057001040A5 /* SignUpViewController.swift in Sources */,
				57877FE92B0F99C100046F9B /* MovieDTO.swift in Sources */,
				57877FD32B0F10DD00046F9B /* HomeViewController.swift in Sources */,
				57877FDF2B0F80B600046F9B /* MovieViewController.swift in Sources */,
				5740B0972B11D9C9008A7808 /* SearchCollectionViewCell.swift in Sources */,
				574B8BEE2B0A537B00018EBD /* ContentsDTO.swift in Sources */,
				57877FED2B0FA84200046F9B /* SearchViewController.swift in Sources */,
				57BCF4062B026DE5001040A5 /* ValidateEmailDTO.swift in Sources */,
				57BCF3FB2B026126001040A5 /* SettingsViewController.swift in Sources */,
				574B8C2E2B0B776C00018EBD /* Secret.swift in Sources */,
				57877FE12B0F80E400046F9B /* MovieViewModel.swift in Sources */,
				57BCF4042B026DBE001040A5 /* LoginDTO.swift in Sources */,
				57BCF3B82B023A0D001040A5 /* AppDelegate.swift in Sources */,
				5740B0992B122C67008A7808 /* AddPostViewController.swift in Sources */,
				57BCF4082B026EB1001040A5 /* RefreshTokenDTO.swift in Sources */,
				57BCF4142B027280001040A5 /* AuthServerAPI.swift in Sources */,
				57BCF3F42B0260C8001040A5 /* SignUpViewModel.swift in Sources */,
				57BCF3BA2B023A0D001040A5 /* SceneDelegate.swift in Sources */,
				574B8C2A2B0B532D00018EBD /* ContentsManager.swift in Sources */,
				5740B0952B11D156008A7808 /* SearchViewModel.swift in Sources */,
				57BCF3F62B0260CE001040A5 /* LoginViewModel.swift in Sources */,
			);
			runOnlyForDeploymentPostprocessing = 0;
		};
		57BCF3C62B023A0E001040A5 /* Sources */ = {
			isa = PBXSourcesBuildPhase;
			buildActionMask = 2147483647;
			files = (
				57BCF3CF2B023A0E001040A5 /* MovieTalkTests.swift in Sources */,
			);
			runOnlyForDeploymentPostprocessing = 0;
		};
		57BCF3D02B023A0E001040A5 /* Sources */ = {
			isa = PBXSourcesBuildPhase;
			buildActionMask = 2147483647;
			files = (
				57BCF3D92B023A0E001040A5 /* MovieTalkUITests.swift in Sources */,
				57BCF3DB2B023A0E001040A5 /* MovieTalkUITestsLaunchTests.swift in Sources */,
			);
			runOnlyForDeploymentPostprocessing = 0;
		};
/* End PBXSourcesBuildPhase section */

/* Begin PBXTargetDependency section */
		57BCF3CC2B023A0E001040A5 /* PBXTargetDependency */ = {
			isa = PBXTargetDependency;
			target = 57BCF3B32B023A0D001040A5 /* MovieTalk */;
			targetProxy = 57BCF3CB2B023A0E001040A5 /* PBXContainerItemProxy */;
		};
		57BCF3D62B023A0E001040A5 /* PBXTargetDependency */ = {
			isa = PBXTargetDependency;
			target = 57BCF3B32B023A0D001040A5 /* MovieTalk */;
			targetProxy = 57BCF3D52B023A0E001040A5 /* PBXContainerItemProxy */;
		};
/* End PBXTargetDependency section */

/* Begin PBXVariantGroup section */
		57BCF3C22B023A0E001040A5 /* LaunchScreen.storyboard */ = {
			isa = PBXVariantGroup;
			children = (
				57BCF3C32B023A0E001040A5 /* Base */,
			);
			name = LaunchScreen.storyboard;
			sourceTree = "<group>";
		};
/* End PBXVariantGroup section */

/* Begin XCBuildConfiguration section */
		57BCF3DC2B023A0E001040A5 /* Debug */ = {
			isa = XCBuildConfiguration;
			buildSettings = {
				ALWAYS_SEARCH_USER_PATHS = NO;
				CLANG_ANALYZER_NONNULL = YES;
				CLANG_ANALYZER_NUMBER_OBJECT_CONVERSION = YES_AGGRESSIVE;
				CLANG_CXX_LANGUAGE_STANDARD = "gnu++20";
				CLANG_ENABLE_MODULES = YES;
				CLANG_ENABLE_OBJC_ARC = YES;
				CLANG_ENABLE_OBJC_WEAK = YES;
				CLANG_WARN_BLOCK_CAPTURE_AUTORELEASING = YES;
				CLANG_WARN_BOOL_CONVERSION = YES;
				CLANG_WARN_COMMA = YES;
				CLANG_WARN_CONSTANT_CONVERSION = YES;
				CLANG_WARN_DEPRECATED_OBJC_IMPLEMENTATIONS = YES;
				CLANG_WARN_DIRECT_OBJC_ISA_USAGE = YES_ERROR;
				CLANG_WARN_DOCUMENTATION_COMMENTS = YES;
				CLANG_WARN_EMPTY_BODY = YES;
				CLANG_WARN_ENUM_CONVERSION = YES;
				CLANG_WARN_INFINITE_RECURSION = YES;
				CLANG_WARN_INT_CONVERSION = YES;
				CLANG_WARN_NON_LITERAL_NULL_CONVERSION = YES;
				CLANG_WARN_OBJC_IMPLICIT_RETAIN_SELF = YES;
				CLANG_WARN_OBJC_LITERAL_CONVERSION = YES;
				CLANG_WARN_OBJC_ROOT_CLASS = YES_ERROR;
				CLANG_WARN_QUOTED_INCLUDE_IN_FRAMEWORK_HEADER = YES;
				CLANG_WARN_RANGE_LOOP_ANALYSIS = YES;
				CLANG_WARN_STRICT_PROTOTYPES = YES;
				CLANG_WARN_SUSPICIOUS_MOVE = YES;
				CLANG_WARN_UNGUARDED_AVAILABILITY = YES_AGGRESSIVE;
				CLANG_WARN_UNREACHABLE_CODE = YES;
				CLANG_WARN__DUPLICATE_METHOD_MATCH = YES;
				COPY_PHASE_STRIP = NO;
				DEBUG_INFORMATION_FORMAT = dwarf;
				ENABLE_STRICT_OBJC_MSGSEND = YES;
				ENABLE_TESTABILITY = YES;
				ENABLE_USER_SCRIPT_SANDBOXING = YES;
				GCC_C_LANGUAGE_STANDARD = gnu11;
				GCC_DYNAMIC_NO_PIC = NO;
				GCC_NO_COMMON_BLOCKS = YES;
				GCC_OPTIMIZATION_LEVEL = 0;
				GCC_PREPROCESSOR_DEFINITIONS = (
					"DEBUG=1",
					"$(inherited)",
				);
				GCC_WARN_64_TO_32_BIT_CONVERSION = YES;
				GCC_WARN_ABOUT_RETURN_TYPE = YES_ERROR;
				GCC_WARN_UNDECLARED_SELECTOR = YES;
				GCC_WARN_UNINITIALIZED_AUTOS = YES_AGGRESSIVE;
				GCC_WARN_UNUSED_FUNCTION = YES;
				GCC_WARN_UNUSED_VARIABLE = YES;
				IPHONEOS_DEPLOYMENT_TARGET = 16.4;
				MTL_ENABLE_DEBUG_INFO = INCLUDE_SOURCE;
				MTL_FAST_MATH = YES;
				ONLY_ACTIVE_ARCH = YES;
				SDKROOT = iphoneos;
				SWIFT_ACTIVE_COMPILATION_CONDITIONS = DEBUG;
				SWIFT_OPTIMIZATION_LEVEL = "-Onone";
			};
			name = Debug;
		};
		57BCF3DD2B023A0E001040A5 /* Release */ = {
			isa = XCBuildConfiguration;
			buildSettings = {
				ALWAYS_SEARCH_USER_PATHS = NO;
				CLANG_ANALYZER_NONNULL = YES;
				CLANG_ANALYZER_NUMBER_OBJECT_CONVERSION = YES_AGGRESSIVE;
				CLANG_CXX_LANGUAGE_STANDARD = "gnu++20";
				CLANG_ENABLE_MODULES = YES;
				CLANG_ENABLE_OBJC_ARC = YES;
				CLANG_ENABLE_OBJC_WEAK = YES;
				CLANG_WARN_BLOCK_CAPTURE_AUTORELEASING = YES;
				CLANG_WARN_BOOL_CONVERSION = YES;
				CLANG_WARN_COMMA = YES;
				CLANG_WARN_CONSTANT_CONVERSION = YES;
				CLANG_WARN_DEPRECATED_OBJC_IMPLEMENTATIONS = YES;
				CLANG_WARN_DIRECT_OBJC_ISA_USAGE = YES_ERROR;
				CLANG_WARN_DOCUMENTATION_COMMENTS = YES;
				CLANG_WARN_EMPTY_BODY = YES;
				CLANG_WARN_ENUM_CONVERSION = YES;
				CLANG_WARN_INFINITE_RECURSION = YES;
				CLANG_WARN_INT_CONVERSION = YES;
				CLANG_WARN_NON_LITERAL_NULL_CONVERSION = YES;
				CLANG_WARN_OBJC_IMPLICIT_RETAIN_SELF = YES;
				CLANG_WARN_OBJC_LITERAL_CONVERSION = YES;
				CLANG_WARN_OBJC_ROOT_CLASS = YES_ERROR;
				CLANG_WARN_QUOTED_INCLUDE_IN_FRAMEWORK_HEADER = YES;
				CLANG_WARN_RANGE_LOOP_ANALYSIS = YES;
				CLANG_WARN_STRICT_PROTOTYPES = YES;
				CLANG_WARN_SUSPICIOUS_MOVE = YES;
				CLANG_WARN_UNGUARDED_AVAILABILITY = YES_AGGRESSIVE;
				CLANG_WARN_UNREACHABLE_CODE = YES;
				CLANG_WARN__DUPLICATE_METHOD_MATCH = YES;
				COPY_PHASE_STRIP = NO;
				DEBUG_INFORMATION_FORMAT = "dwarf-with-dsym";
				ENABLE_NS_ASSERTIONS = NO;
				ENABLE_STRICT_OBJC_MSGSEND = YES;
				ENABLE_USER_SCRIPT_SANDBOXING = YES;
				GCC_C_LANGUAGE_STANDARD = gnu11;
				GCC_NO_COMMON_BLOCKS = YES;
				GCC_WARN_64_TO_32_BIT_CONVERSION = YES;
				GCC_WARN_ABOUT_RETURN_TYPE = YES_ERROR;
				GCC_WARN_UNDECLARED_SELECTOR = YES;
				GCC_WARN_UNINITIALIZED_AUTOS = YES_AGGRESSIVE;
				GCC_WARN_UNUSED_FUNCTION = YES;
				GCC_WARN_UNUSED_VARIABLE = YES;
				IPHONEOS_DEPLOYMENT_TARGET = 16.4;
				MTL_ENABLE_DEBUG_INFO = NO;
				MTL_FAST_MATH = YES;
				SDKROOT = iphoneos;
				SWIFT_COMPILATION_MODE = wholemodule;
				SWIFT_OPTIMIZATION_LEVEL = "-O";
				VALIDATE_PRODUCT = YES;
			};
			name = Release;
		};
		57BCF3DF2B023A0E001040A5 /* Debug */ = {
			isa = XCBuildConfiguration;
			buildSettings = {
				ASSETCATALOG_COMPILER_APPICON_NAME = AppIcon;
				ASSETCATALOG_COMPILER_GLOBAL_ACCENT_COLOR_NAME = AccentColor;
				CODE_SIGN_STYLE = Automatic;
				CURRENT_PROJECT_VERSION = 1;
				DEVELOPMENT_TEAM = YTV3AHP8X4;
				GENERATE_INFOPLIST_FILE = YES;
				INFOPLIST_FILE = MovieTalk/Info.plist;
				INFOPLIST_KEY_UIApplicationSupportsIndirectInputEvents = YES;
				INFOPLIST_KEY_UILaunchStoryboardName = LaunchScreen;
				INFOPLIST_KEY_UISupportedInterfaceOrientations_iPad = "UIInterfaceOrientationPortrait UIInterfaceOrientationPortraitUpsideDown UIInterfaceOrientationLandscapeLeft UIInterfaceOrientationLandscapeRight";
				INFOPLIST_KEY_UISupportedInterfaceOrientations_iPhone = "UIInterfaceOrientationPortrait UIInterfaceOrientationLandscapeLeft UIInterfaceOrientationLandscapeRight";
				IPHONEOS_DEPLOYMENT_TARGET = 16.0;
				LD_RUNPATH_SEARCH_PATHS = (
					"$(inherited)",
					"@executable_path/Frameworks",
				);
				MARKETING_VERSION = 1.0;
				PRODUCT_BUNDLE_IDENTIFIER = com.alexcho617.MovieTalk;
				PRODUCT_NAME = "$(TARGET_NAME)";
				SUPPORTED_PLATFORMS = "iphoneos iphonesimulator";
				SUPPORTS_MACCATALYST = NO;
				SUPPORTS_MAC_DESIGNED_FOR_IPHONE_IPAD = NO;
				SWIFT_EMIT_LOC_STRINGS = YES;
				SWIFT_VERSION = 5.0;
				TARGETED_DEVICE_FAMILY = 1;
			};
			name = Debug;
		};
		57BCF3E02B023A0E001040A5 /* Release */ = {
			isa = XCBuildConfiguration;
			buildSettings = {
				ASSETCATALOG_COMPILER_APPICON_NAME = AppIcon;
				ASSETCATALOG_COMPILER_GLOBAL_ACCENT_COLOR_NAME = AccentColor;
				CODE_SIGN_STYLE = Automatic;
				CURRENT_PROJECT_VERSION = 1;
				DEVELOPMENT_TEAM = YTV3AHP8X4;
				GENERATE_INFOPLIST_FILE = YES;
				INFOPLIST_FILE = MovieTalk/Info.plist;
				INFOPLIST_KEY_UIApplicationSupportsIndirectInputEvents = YES;
				INFOPLIST_KEY_UILaunchStoryboardName = LaunchScreen;
				INFOPLIST_KEY_UISupportedInterfaceOrientations_iPad = "UIInterfaceOrientationPortrait UIInterfaceOrientationPortraitUpsideDown UIInterfaceOrientationLandscapeLeft UIInterfaceOrientationLandscapeRight";
				INFOPLIST_KEY_UISupportedInterfaceOrientations_iPhone = "UIInterfaceOrientationPortrait UIInterfaceOrientationLandscapeLeft UIInterfaceOrientationLandscapeRight";
				IPHONEOS_DEPLOYMENT_TARGET = 16.0;
				LD_RUNPATH_SEARCH_PATHS = (
					"$(inherited)",
					"@executable_path/Frameworks",
				);
				MARKETING_VERSION = 1.0;
				PRODUCT_BUNDLE_IDENTIFIER = com.alexcho617.MovieTalk;
				PRODUCT_NAME = "$(TARGET_NAME)";
				SUPPORTED_PLATFORMS = "iphoneos iphonesimulator";
				SUPPORTS_MACCATALYST = NO;
				SUPPORTS_MAC_DESIGNED_FOR_IPHONE_IPAD = NO;
				SWIFT_EMIT_LOC_STRINGS = YES;
				SWIFT_VERSION = 5.0;
				TARGETED_DEVICE_FAMILY = 1;
			};
			name = Release;
		};
		57BCF3E22B023A0E001040A5 /* Debug */ = {
			isa = XCBuildConfiguration;
			buildSettings = {
				ALWAYS_EMBED_SWIFT_STANDARD_LIBRARIES = YES;
				BUNDLE_LOADER = "$(TEST_HOST)";
				CODE_SIGN_STYLE = Automatic;
				CURRENT_PROJECT_VERSION = 1;
				DEVELOPMENT_TEAM = YTV3AHP8X4;
				GENERATE_INFOPLIST_FILE = YES;
				IPHONEOS_DEPLOYMENT_TARGET = 16.4;
				MARKETING_VERSION = 1.0;
				PRODUCT_BUNDLE_IDENTIFIER = com.alexcho617.MovieTalkTests;
				PRODUCT_NAME = "$(TARGET_NAME)";
				SWIFT_EMIT_LOC_STRINGS = NO;
				SWIFT_VERSION = 5.0;
				TARGETED_DEVICE_FAMILY = "1,2";
				TEST_HOST = "$(BUILT_PRODUCTS_DIR)/MovieTalk.app/$(BUNDLE_EXECUTABLE_FOLDER_PATH)/MovieTalk";
			};
			name = Debug;
		};
		57BCF3E32B023A0E001040A5 /* Release */ = {
			isa = XCBuildConfiguration;
			buildSettings = {
				ALWAYS_EMBED_SWIFT_STANDARD_LIBRARIES = YES;
				BUNDLE_LOADER = "$(TEST_HOST)";
				CODE_SIGN_STYLE = Automatic;
				CURRENT_PROJECT_VERSION = 1;
				DEVELOPMENT_TEAM = YTV3AHP8X4;
				GENERATE_INFOPLIST_FILE = YES;
				IPHONEOS_DEPLOYMENT_TARGET = 16.4;
				MARKETING_VERSION = 1.0;
				PRODUCT_BUNDLE_IDENTIFIER = com.alexcho617.MovieTalkTests;
				PRODUCT_NAME = "$(TARGET_NAME)";
				SWIFT_EMIT_LOC_STRINGS = NO;
				SWIFT_VERSION = 5.0;
				TARGETED_DEVICE_FAMILY = "1,2";
				TEST_HOST = "$(BUILT_PRODUCTS_DIR)/MovieTalk.app/$(BUNDLE_EXECUTABLE_FOLDER_PATH)/MovieTalk";
			};
			name = Release;
		};
		57BCF3E52B023A0E001040A5 /* Debug */ = {
			isa = XCBuildConfiguration;
			buildSettings = {
				ALWAYS_EMBED_SWIFT_STANDARD_LIBRARIES = YES;
				CODE_SIGN_STYLE = Automatic;
				CURRENT_PROJECT_VERSION = 1;
				DEVELOPMENT_TEAM = YTV3AHP8X4;
				GENERATE_INFOPLIST_FILE = YES;
				MARKETING_VERSION = 1.0;
				PRODUCT_BUNDLE_IDENTIFIER = com.alexcho617.MovieTalkUITests;
				PRODUCT_NAME = "$(TARGET_NAME)";
				SWIFT_EMIT_LOC_STRINGS = NO;
				SWIFT_VERSION = 5.0;
				TARGETED_DEVICE_FAMILY = "1,2";
				TEST_TARGET_NAME = MovieTalk;
			};
			name = Debug;
		};
		57BCF3E62B023A0E001040A5 /* Release */ = {
			isa = XCBuildConfiguration;
			buildSettings = {
				ALWAYS_EMBED_SWIFT_STANDARD_LIBRARIES = YES;
				CODE_SIGN_STYLE = Automatic;
				CURRENT_PROJECT_VERSION = 1;
				DEVELOPMENT_TEAM = YTV3AHP8X4;
				GENERATE_INFOPLIST_FILE = YES;
				MARKETING_VERSION = 1.0;
				PRODUCT_BUNDLE_IDENTIFIER = com.alexcho617.MovieTalkUITests;
				PRODUCT_NAME = "$(TARGET_NAME)";
				SWIFT_EMIT_LOC_STRINGS = NO;
				SWIFT_VERSION = 5.0;
				TARGETED_DEVICE_FAMILY = "1,2";
				TEST_TARGET_NAME = MovieTalk;
			};
			name = Release;
		};
/* End XCBuildConfiguration section */

/* Begin XCConfigurationList section */
		57BCF3AF2B023A0D001040A5 /* Build configuration list for PBXProject "MovieTalk" */ = {
			isa = XCConfigurationList;
			buildConfigurations = (
				57BCF3DC2B023A0E001040A5 /* Debug */,
				57BCF3DD2B023A0E001040A5 /* Release */,
			);
			defaultConfigurationIsVisible = 0;
			defaultConfigurationName = Release;
		};
		57BCF3DE2B023A0E001040A5 /* Build configuration list for PBXNativeTarget "MovieTalk" */ = {
			isa = XCConfigurationList;
			buildConfigurations = (
				57BCF3DF2B023A0E001040A5 /* Debug */,
				57BCF3E02B023A0E001040A5 /* Release */,
			);
			defaultConfigurationIsVisible = 0;
			defaultConfigurationName = Release;
		};
		57BCF3E12B023A0E001040A5 /* Build configuration list for PBXNativeTarget "MovieTalkTests" */ = {
			isa = XCConfigurationList;
			buildConfigurations = (
				57BCF3E22B023A0E001040A5 /* Debug */,
				57BCF3E32B023A0E001040A5 /* Release */,
			);
			defaultConfigurationIsVisible = 0;
			defaultConfigurationName = Release;
		};
		57BCF3E42B023A0E001040A5 /* Build configuration list for PBXNativeTarget "MovieTalkUITests" */ = {
			isa = XCConfigurationList;
			buildConfigurations = (
				57BCF3E52B023A0E001040A5 /* Debug */,
				57BCF3E62B023A0E001040A5 /* Release */,
			);
			defaultConfigurationIsVisible = 0;
			defaultConfigurationName = Release;
		};
/* End XCConfigurationList section */

/* Begin XCRemoteSwiftPackageReference section */
		57877FDB2B0F4D1800046F9B /* XCRemoteSwiftPackageReference "Kingfisher" */ = {
			isa = XCRemoteSwiftPackageReference;
			repositoryURL = "https://github.com/onevcat/Kingfisher";
			requirement = {
				kind = upToNextMinorVersion;
				minimumVersion = 7.10.0;
			};
		};
		57BCF3E72B025FC0001040A5 /* XCRemoteSwiftPackageReference "Moya" */ = {
			isa = XCRemoteSwiftPackageReference;
			repositoryURL = "https://github.com/Moya/Moya.git";
			requirement = {
				kind = upToNextMinorVersion;
				minimumVersion = 15.0.0;
			};
		};
		57BCF3F72B02610C001040A5 /* XCRemoteSwiftPackageReference "SnapKit" */ = {
			isa = XCRemoteSwiftPackageReference;
			repositoryURL = "https://github.com/SnapKit/SnapKit.git";
			requirement = {
				kind = upToNextMinorVersion;
				minimumVersion = 5.6.0;
			};
		};
		57BCF41D2B033218001040A5 /* XCRemoteSwiftPackageReference "RxSwift" */ = {
			isa = XCRemoteSwiftPackageReference;
			repositoryURL = "https://github.com/ReactiveX/RxSwift.git";
			requirement = {
				kind = upToNextMinorVersion;
				minimumVersion = 6.6.0;
			};
		};
/* End XCRemoteSwiftPackageReference section */

/* Begin XCSwiftPackageProductDependency section */
		57877FDC2B0F4D1800046F9B /* Kingfisher */ = {
			isa = XCSwiftPackageProductDependency;
			package = 57877FDB2B0F4D1800046F9B /* XCRemoteSwiftPackageReference "Kingfisher" */;
			productName = Kingfisher;
		};
		57BCF3E82B025FC0001040A5 /* Moya */ = {
			isa = XCSwiftPackageProductDependency;
			package = 57BCF3E72B025FC0001040A5 /* XCRemoteSwiftPackageReference "Moya" */;
			productName = Moya;
		};
		57BCF3EA2B025FC0001040A5 /* RxMoya */ = {
			isa = XCSwiftPackageProductDependency;
			package = 57BCF3E72B025FC0001040A5 /* XCRemoteSwiftPackageReference "Moya" */;
			productName = RxMoya;
		};
		57BCF3F82B02610C001040A5 /* SnapKit */ = {
			isa = XCSwiftPackageProductDependency;
			package = 57BCF3F72B02610C001040A5 /* XCRemoteSwiftPackageReference "SnapKit" */;
			productName = SnapKit;
		};
		57BCF41E2B033218001040A5 /* RxCocoa */ = {
			isa = XCSwiftPackageProductDependency;
			package = 57BCF41D2B033218001040A5 /* XCRemoteSwiftPackageReference "RxSwift" */;
			productName = RxCocoa;
		};
		57BCF4202B033218001040A5 /* RxSwift */ = {
			isa = XCSwiftPackageProductDependency;
			package = 57BCF41D2B033218001040A5 /* XCRemoteSwiftPackageReference "RxSwift" */;
			productName = RxSwift;
		};
/* End XCSwiftPackageProductDependency section */
	};
	rootObject = 57BCF3AC2B023A0D001040A5 /* Project object */;
}
